# This file was autogenerated by Stack.
# You should not edit this file by hand.
# For more information, please see the documentation at:
#   https://docs.haskellstack.org/en/stable/lock_files

packages:
- completed:
    hackage: tasty-wai-0.1.1.0@sha256:ab1f3aa2d28821fe991fe3ae0757d3f07a707987a5a7af3d0d74dc599a6a8eff,1920
    pantry-tree:
      size: 369
      sha256: 85c734bc2a263f13408d3c33c7754b0092663096eeb9bbfd7be300aacafb3b8c
  original:
    hackage: tasty-wai-0.1.1.0
- completed:
    hackage: waargonaut-0.6.0.0@sha256:59e88242694e3e38e902f55a615802a4691657fc85901edd4149d5edddfb8a3d,10878
    pantry-tree:
      size: 5511
      sha256: 8d833038136f4f7384291218dd5f26183edab3e4ce90894abecce04b51af6a52
  original:
    hackage: waargonaut-0.6.0.0
- completed:
    hackage: digit-0.7@sha256:d7e8252022d89cc962da29fdb54bdda54d997c2073b6977e6490b8bcd877650c,3919
    pantry-tree:
      size: 1943
      sha256: 85f1ff5b950d60093fdcbc353affac3c50670e81c50efebe15d310c78f2324d6
  original:
    hackage: digit-0.7
- completed:
    hackage: hoist-error-0.2.1.0@sha256:f238a27a593ec0c9b4f5263adf917b7c3b76daffed2398d7520e43e6515169f2,1221
    pantry-tree:
      size: 281
      sha256: a8fd6aafc02e04b20e9697c27a62472815e3658237cc490deb71b32373305327
  original:
    hackage: hoist-error-0.2.1.0
- completed:
    hackage: hw-json-0.9.0.1@sha256:d657ce3956f9b703218b837c7a6176143641e2cdb67ed0cf589416149e605e33,6868
    pantry-tree:
      size: 3975
      sha256: bed3590ad8cef9a8a7dcf6b5ac9b32808d72806cca2accf6cdcfa9a12d82b2a2
  original:
    hackage: hw-json-0.9.0.1
- completed:
    hackage: hw-parser-0.1.0.0@sha256:f2be1e70f78db42dfa2f6d55891e2502a801ddee6c8f4a4db8e5d1577f09338b,1091
    pantry-tree:
      size: 273
      sha256: 13a7255c1a2ad035f57d4da9fb076f45dd2c2b400c7bb7297b0e4ce5bb658455
  original:
    hackage: hw-parser-0.1.0.0
- completed:
    hackage: natural-0.3.0.3@sha256:fb84232d0a5d73092c0633da89845a9860cafd8e71f6153a93d2533a0d7999b9,2047
    pantry-tree:
      size: 311
      sha256: 98f82b53d388b6f157ce97c351507b7f7e4083b4d89391f6d58e9f0743aa4647
  original:
    hackage: natural-0.3.0.3
- completed:
    hackage: tagged-0.8.6@sha256:1f7ca84e6c88cbb923641c60041c9f56c34f1a889759cc073cdf10542b441ff9,2606
    pantry-tree:
      size: 543
      sha256: 7e03b4e4506268d8a1429fba046816d682ec98e1c61d3869ae0ce57d74574d78
  original:
    hackage: tagged-0.8.6
- completed:
    hackage: sop-core-0.4.0.0@sha256:ed6947a9dace4cb3e8cd74a9998088afbd8b0245368f3942d0af617127a22100,2827
    pantry-tree:
      size: 755
      sha256: 63b52680d32bf8379d3cd05e5ef400a7eec1f6f1a4035a40f4e81eaa1245ff2c
  original:
    hackage: sop-core-0.4.0.0
- completed:
    hackage: generics-sop-0.4.0.1@sha256:6474ad47a9dbcedc3c721b8d582d00ea52ec9fe6c5327562d0aeaa6f878ace91,5529
    pantry-tree:
      size: 1616
      sha256: 19f195e2b1c8351f8039e47c958f3498f27eb490e8bfb23cc7efb149fee7a6aa
  original:
    hackage: generics-sop-0.4.0.1
- completed:
    hackage: witherable-0.2@sha256:c10939269a1d74d08de9f443893f395a6ffec698f65ffe3a7cc28e12df4114c9,1198
    pantry-tree:
      size: 218
      sha256: 7b08af2b30253e4940c5dcde0666c73bb9f5103c317716b43fd19a0b147eb324
  original:
    hackage: witherable-0.2
- completed:
    hackage: hedgehog-1.0.1@sha256:b65b1ebde7b7fe8e693070916e45aa2ed63eea5e3f84ac3a8f9a0b7f8fcf0337,4465
    pantry-tree:
      size: 2409
      sha256: 41ff1350ad4efb5bcad364e85df7616d30836b348f83b20826349efea8fbc8dd
  original:
    hackage: hedgehog-1.0.1@sha256:b65b1ebde7b7fe8e693070916e45aa2ed63eea5e3f84ac3a8f9a0b7f8fcf0337,4465
- completed:
    hackage: tasty-hedgehog-1.0.0.1@sha256:f632aa57399fbd9a0910757bd550e702e13752f9fd1fced0cc9e6b54dd49c7d8,1823
    pantry-tree:
      size: 330
      sha256: a2f71ddf7ebe2c7e918f2643159b262687ff0d7560b2124430d658a7051dc7ba
  original:
    hackage: tasty-hedgehog-1.0.0.1@sha256:f632aa57399fbd9a0910757bd550e702e13752f9fd1fced0cc9e6b54dd49c7d8,1823
snapshots:
- completed:
    size: 508406
    url: https://raw.githubusercontent.com/commercialhaskell/stackage-snapshots/master/lts/12/21.yaml
    sha256: 609dd00c32f59e11bb333b9113d9d2e54269627de1268cbb3cc576af8c7b6237
  original: lts-12.21
